Microsoft Visual Studio Solution File, Format Version 10.00
# Visual Studio 2008
Project("{8BC9CEB8-8B4A-11D0-8D11-00A0C91BC942}") = "ExtendCtrls", "ExtendCtrls\ExtendCtrls.vcproj", "{0EEAE831-1079-3AAB-A9DE-3A7DEB6C9FF7}"
EndProject
Project("{8BC9CEB8-8B4A-11D0-8D11-00A0C91BC942}") = "uieditor", "uieditor\uieditor.vcproj", "{2B2D2DD5-0A57-37B1-9050-B5C917B5B5E4}"
	ProjectSection(ProjectDependencies) = postProject
		{0EEAE831-1079-3AAB-A9DE-3A7DEB6C9FF7} = {0EEAE831-1079-3AAB-A9DE-3A7DEB6C9FF7}
		{0EEAE831-1079-3AAB-A9DE-3A7DEB6C9FF7} = {0EEAE831-1079-3AAB-A9DE-3A7DEB6C9FF7}
	EndProjectSection
EndProject
Project("{8BC9CEB8-8B4A-11D0-8D11-00A0C91BC942}") = "uiviewer", "uiviewer\uiviewer.vcproj", "{F42D7928-C381-3967-84F3-CADC2F0B04B1}"
	ProjectSection(ProjectDependencies) = postProject
		{0EEAE831-1079-3AAB-A9DE-3A7DEB6C9FF7} = {0EEAE831-1079-3AAB-A9DE-3A7DEB6C9FF7}
		{0EEAE831-1079-3AAB-A9DE-3A7DEB6C9FF7} = {0EEAE831-1079-3AAB-A9DE-3A7DEB6C9FF7}
	EndProjectSection
EndProject
Project("{8BC9CEB8-8B4A-11D0-8D11-00A0C91BC942}") = "uiPreview", "uiPreview\uiPreview.vcproj", "{3731D30C-BD8D-478D-AF32-5F2CFECB5215}"
EndProject
Global
	GlobalSection(SolutionConfigurationPlatforms) = preSolution
		Debug|Win32 = Debug|Win32
		Release|Win32 = Release|Win32
	EndGlobalSection
	GlobalSection(ProjectConfigurationPlatforms) = postSolution
		{0EEAE831-1079-3AAB-A9DE-3A7DEB6C9FF7}.Debug|Win32.ActiveCfg = Debug|Win32
		{0EEAE831-1079-3AAB-A9DE-3A7DEB6C9FF7}.Debug|Win32.Build.0 = Debug|Win32
		{0EEAE831-1079-3AAB-A9DE-3A7DEB6C9FF7}.Release|Win32.ActiveCfg = Release|Win32
		{0EEAE831-1079-3AAB-A9DE-3A7DEB6C9FF7}.Release|Win32.Build.0 = Release|Win32
		{2B2D2DD5-0A57-37B1-9050-B5C917B5B5E4}.Debug|Win32.ActiveCfg = Debug|Win32
		{2B2D2DD5-0A57-37B1-9050-B5C917B5B5E4}.Debug|Win32.Build.0 = Debug|Win32
		{2B2D2DD5-0A57-37B1-9050-B5C917B5B5E4}.Release|Win32.ActiveCfg = Release|Win32
		{2B2D2DD5-0A57-37B1-9050-B5C917B5B5E4}.Release|Win32.Build.0 = Release|Win32
		{F42D7928-C381-3967-84F3-CADC2F0B04B1}.Debug|Win32.ActiveCfg = Debug|Win32
		{F42D7928-C381-3967-84F3-CADC2F0B04B1}.Debug|Win32.Build.0 = Debug|Win32
		{F42D7928-C381-3967-84F3-CADC2F0B04B1}.Release|Win32.ActiveCfg = Release|Win32
		{F42D7928-C381-3967-84F3-CADC2F0B04B1}.Release|Win32.Build.0 = Release|Win32
		{3731D30C-BD8D-478D-AF32-5F2CFECB5215}.Debug|Win32.ActiveCfg = Debug|Win32
		{3731D30C-BD8D-478D-AF32-5F2CFECB5215}.Debug|Win32.Build.0 = Debug|Win32
		{3731D30C-BD8D-478D-AF32-5F2CFECB5215}.Release|Win32.ActiveCfg = Release|Win32
		{3731D30C-BD8D-478D-AF32-5F2CFECB5215}.Release|Win32.Build.0 = Release|Win32
	EndGlobalSection
	GlobalSection(SolutionProperties) = preSolution
		HideSolutionNode = FALSE
	EndGlobalSection
EndGlobal
