<?xml version="1.0" encoding="utf-8"?>
<Project ToolsVersion="4.0" xmlns="http://schemas.microsoft.com/developer/msbuild/2003">
  <ItemGroup>
    <Filter Include="Generated Files">
      <UniqueIdentifier>{71ED8ED8-ACB9-4CE9-BBE1-E00B30144E11}</UniqueIdentifier>
      <Extensions>cpp;c;cxx;moc;h;def;odl;idl;res;</Extensions>
    </Filter>
    <Filter Include="Generated Files">
      <UniqueIdentifier>{71ED8ED8-ACB9-4CE9-BBE1-E00B30144E11}</UniqueIdentifier>
      <Extensions>cpp;c;cxx;moc;h;def;odl;idl;res;</Extensions>
    </Filter>
    <Filter Include="Header Files">
      <UniqueIdentifier>{93995380-89BD-4b04-88EB-625FBE52EBFB}</UniqueIdentifier>
      <Extensions>h;hpp;hxx;hm;inl;inc;xsd</Extensions>
    </Filter>
    <Filter Include="Header Files">
      <UniqueIdentifier>{93995380-89BD-4b04-88EB-625FBE52EBFB}</UniqueIdentifier>
      <Extensions>h;hpp;hxx;hm;inl;inc;xsd</Extensions>
    </Filter>
    <Filter Include="Source Files">
      <UniqueIdentifier>{4FC737F1-C7A5-4376-A066-2A32D752A2FF}</UniqueIdentifier>
      <Extensions>cpp;c;cxx;def;odl;idl;hpj;bat;asm;asmx</Extensions>
    </Filter>
    <Filter Include="Source Files">
      <UniqueIdentifier>{4FC737F1-C7A5-4376-A066-2A32D752A2FF}</UniqueIdentifier>
      <Extensions>cpp;c;cxx;def;odl;idl;hpj;bat;asm;asmx</Extensions>
    </Filter>
  </ItemGroup>
  <ItemGroup>
    <ClCompile Include="DesignWnd.cpp">
      <Filter>Source Files</Filter>
    </ClCompile>
    <ClCompile Include="Dialog\DlgAbout.cpp">
      <Filter>Source Files</Filter>
    </ClCompile>
    <ClCompile Include="Dialog\DlgCreatePro.cpp">
      <Filter>Source Files</Filter>
    </ClCompile>
    <ClCompile Include="Dialog\DlgFontSelect.cpp">
      <Filter>Source Files</Filter>
    </ClCompile>
    <ClCompile Include="Dialog\DlgInput.cpp">
      <Filter>Source Files</Filter>
    </ClCompile>
    <ClCompile Include="Dialog\DlgInsertXmlElement.cpp">
      <Filter>Source Files</Filter>
    </ClCompile>
    <ClCompile Include="Dialog\DlgNewLayout.cpp">
      <Filter>Source Files</Filter>
    </ClCompile>
    <ClCompile Include="Dialog\DlgNewSkin.cpp">
      <Filter>Source Files</Filter>
    </ClCompile>
    <ClCompile Include="Dialog\DlgResMgr.cpp">
      <Filter>Source Files</Filter>
    </ClCompile>
    <ClCompile Include="MainDlg.cpp">
      <Filter>Source Files</Filter>
    </ClCompile>
    <ClCompile Include="ResManger.cpp">
      <Filter>Source Files</Filter>
    </ClCompile>
    <ClCompile Include="SImageBtnEx.cpp">
      <Filter>Source Files</Filter>
    </ClCompile>
    <ClCompile Include="SImgCanvas.cpp">
      <Filter>Source Files</Filter>
    </ClCompile>
    <ClCompile Include="propgrid\SPropertyGrid.cpp">
      <Filter>Source Files</Filter>
    </ClCompile>
    <ClCompile Include="propgrid\propitem\SPropertyItem-Color.cpp">
      <Filter>Source Files</Filter>
    </ClCompile>
    <ClCompile Include="propgrid\propitem\SPropertyItem-Group.cpp">
      <Filter>Source Files</Filter>
    </ClCompile>
    <ClCompile Include="propgrid\propitem\SPropertyItem-Option.cpp">
      <Filter>Source Files</Filter>
    </ClCompile>
    <ClCompile Include="propgrid\propitem\SPropertyItem-Size.cpp">
      <Filter>Source Files</Filter>
    </ClCompile>
    <ClCompile Include="propgrid\propitem\SPropertyItem-Text.cpp">
      <Filter>Source Files</Filter>
    </ClCompile>
    <ClCompile Include="propgrid\SPropertyItemBase.cpp">
      <Filter>Source Files</Filter>
    </ClCompile>
    <ClCompile Include="SSwitch.cpp">
      <Filter>Source Files</Filter>
    </ClCompile>
    <ClCompile Include="ScintillaWnd.cpp">
      <Filter>Source Files</Filter>
    </ClCompile>
    <ClCompile Include="SouiEditor.cpp">
      <Filter>Source Files</Filter>
    </ClCompile>
    <ClCompile Include="SouiEditorApp.cpp">
      <Filter>Source Files</Filter>
    </ClCompile>
    <ClCompile Include="SouiRealWndHandler.cpp">
      <Filter>Source Files</Filter>
    </ClCompile>
    <ClCompile Include="SysdataMgr.cpp">
      <Filter>Source Files</Filter>
    </ClCompile>
    <ClCompile Include="helpapi.cpp">
      <Filter>Source Files</Filter>
    </ClCompile>
    <ClCompile Include="spugixml\pugixml.cpp">
      <Filter>Generated Files</Filter>
    </ClCompile>
    <ClCompile Include="XmlEditor.cpp">
      <Filter>Generated Files</Filter>
    </ClCompile>
    <ClCompile Include="XmlParser.cpp">
      <Filter>Generated Files</Filter>
    </ClCompile>
    <ClCompile Include="propgrid\colorpicker\ColourPopup.cpp">
      <Filter>Generated Files</Filter>
    </ClCompile>
    <ClCompile Include="propgrid\colorpicker\SColorPicker.cpp">
      <Filter>Generated Files</Filter>
    </ClCompile>
  </ItemGroup>
  <ItemGroup>
    <ClInclude Include="CDebug.h">
      <Filter>Header Files</Filter>
    </ClInclude>
    <ClInclude Include="CmdLine.h">
      <Filter>Header Files</Filter>
    </ClInclude>
    <ClInclude Include="DesignWnd.h">
      <Filter>Header Files</Filter>
    </ClInclude>
    <ClInclude Include="Dialog\DlgAbout.h">
      <Filter>Header Files</Filter>
    </ClInclude>
    <ClInclude Include="Dialog\DlgCreatePro.h">
      <Filter>Header Files</Filter>
    </ClInclude>
    <ClInclude Include="Dialog\DlgFontSelect.h">
      <Filter>Header Files</Filter>
    </ClInclude>
    <ClInclude Include="Dialog\DlgInput.h">
      <Filter>Header Files</Filter>
    </ClInclude>
    <ClInclude Include="Dialog\DlgInsertXmlElement.h">
      <Filter>Header Files</Filter>
    </ClInclude>
    <ClInclude Include="Dialog\DlgNewLayout.h">
      <Filter>Header Files</Filter>
    </ClInclude>
    <ClInclude Include="Dialog\DlgNewSkin.h">
      <Filter>Header Files</Filter>
    </ClInclude>
    <ClInclude Include="Dialog\DlgResMgr.h">
      <Filter>Header Files</Filter>
    </ClInclude>
    <ClInclude Include="FileHelper.h">
      <Filter>Header Files</Filter>
    </ClInclude>
    <ClInclude Include="Global.h">
      <Filter>Header Files</Filter>
    </ClInclude>
    <ClInclude Include="MainDlg.h">
      <Filter>Header Files</Filter>
    </ClInclude>
    <ClInclude Include="ResManger.h">
      <Filter>Header Files</Filter>
    </ClInclude>
    <ClInclude Include="..\ExtendCtrls\SCtrlsRegister.h">
      <Filter>Header Files</Filter>
    </ClInclude>
    <ClInclude Include="SImageBtnEx.h">
      <Filter>Header Files</Filter>
    </ClInclude>
    <ClInclude Include="SImgCanvas.h">
      <Filter>Header Files</Filter>
    </ClInclude>
    <ClInclude Include="propgrid\SPropertyEmbedWndHelper.hpp">
      <Filter>Header Files</Filter>
    </ClInclude>
    <ClInclude Include="propgrid\SPropertyGrid.h">
      <Filter>Header Files</Filter>
    </ClInclude>
    <ClInclude Include="propgrid\propitem\SPropertyItem-Color.h">
      <Filter>Header Files</Filter>
    </ClInclude>
    <ClInclude Include="propgrid\propitem\SPropertyItem-Group.h">
      <Filter>Header Files</Filter>
    </ClInclude>
    <ClInclude Include="propgrid\propitem\SPropertyItem-Option.h">
      <Filter>Header Files</Filter>
    </ClInclude>
    <ClInclude Include="propgrid\propitem\SPropertyItem-Size.h">
      <Filter>Header Files</Filter>
    </ClInclude>
    <ClInclude Include="propgrid\propitem\SPropertyItem-Text.h">
      <Filter>Header Files</Filter>
    </ClInclude>
    <ClInclude Include="propgrid\SPropertyItem-i.h">
      <Filter>Header Files</Filter>
    </ClInclude>
    <ClInclude Include="propgrid\SPropertyItemBase.h">
      <Filter>Header Files</Filter>
    </ClInclude>
    <ClInclude Include="SSwitch.h">
      <Filter>Header Files</Filter>
    </ClInclude>
    <ClInclude Include="ScintillaWnd.h">
      <Filter>Header Files</Filter>
    </ClInclude>
    <ClInclude Include="SouiEditorApp.h">
      <Filter>Header Files</Filter>
    </ClInclude>
    <ClInclude Include="SouiRealWndHandler.h">
      <Filter>Header Files</Filter>
    </ClInclude>
    <ClInclude Include="SysdataMgr.h">
      <Filter>Header Files</Filter>
    </ClInclude>
    <ClInclude Include="colorpicker\Tooltipctrl.h">
      <Filter>Header Files</Filter>
    </ClInclude>
    <ClInclude Include="helpapi.h">
      <Filter>Header Files</Filter>
    </ClInclude>
    <ClInclude Include="res\resource.h">
      <Filter>Header Files</Filter>
    </ClInclude>
    <ClInclude Include="resource.h">
      <Filter>Header Files</Filter>
    </ClInclude>
    <CustomBuild Include="stdafx.h">
      <Filter>Header Files</Filter>
    </CustomBuild>
    <ClInclude Include="xpm_icons.h">
      <Filter>Header Files</Filter>
    </ClInclude>
    <ClInclude Include="spugixml\pugiconfig.hpp">
      <Filter>Header Files</Filter>
    </ClInclude>
    <ClInclude Include="spugixml\pugixml.hpp">
      <Filter>Header Files</Filter>
    </ClInclude>
    <ClInclude Include="XmlEditor.h">
      <Filter>Generated Files</Filter>
    </ClInclude>
    <ClInclude Include="XmlParser.h">
      <Filter>Generated Files</Filter>
    </ClInclude>
    <ClInclude Include="propgrid\colorpicker\ColourPopup.h">
      <Filter>Generated Files</Filter>
    </ClInclude>
    <ClInclude Include="propgrid\colorpicker\SColorPicker.h">
      <Filter>Generated Files</Filter>
    </ClInclude>
    <ClInclude Include="propgrid\colorpicker\Tooltipctrl.h">
      <Filter>Generated Files</Filter>
    </ClInclude>
  </ItemGroup>
  <ItemGroup>
    <ClCompile Include="stdafx.h.cpp">
      <Filter>Generated Files</Filter>
    </ClCompile>
  </ItemGroup>
  <ItemGroup>
    <ResourceCompile Include="souieditor.rc" />
  </ItemGroup>
</Project>